
Microsoft Visual Studio Solution File, Format Version 12.00
# Visual Studio Version 16
VisualStudioVersion = 16.0.30717.126
MinimumVisualStudioVersion = 10.0.40219.1
Project("{9A19103F-16F7-4668-BE54-9A1E7A4F7556}") = "SharpTime", "SharpTime\SharpTime.csproj", "{1EA5B332-749F-4F3D-8FAE-01CF549E7B6C}"
EndProject
Project("{9A19103F-16F7-4668-BE54-9A1E7A4F7556}") = "SharpTime.UnitTests", "SharpTime.UnitTests\SharpTime.UnitTests.csproj", "{4A127B54-A8B3-442F-BF33-19F926596634}"
EndProject
Project("{2150E333-8FDC-42A3-9474-1A3956D46DE8}") = "Solution", "Solution", "{362B5C46-2735-424D-A90E-2557421FB879}"
	ProjectSection(SolutionItems) = preProject
		.github\workflows\publish-to-nuget.yml = .github\workflows\publish-to-nuget.yml
		readme.md = readme.md
	EndProjectSection
EndProject
Global
	GlobalSection(SolutionConfigurationPlatforms) = preSolution
		Debug|Any CPU = Debug|Any CPU
		Release|Any CPU = Release|Any CPU
	EndGlobalSection
	GlobalSection(ProjectConfigurationPlatforms) = postSolution
		{1EA5B332-749F-4F3D-8FAE-01CF549E7B6C}.Debug|Any CPU.ActiveCfg = Debug|Any CPU
		{1EA5B332-749F-4F3D-8FAE-01CF549E7B6C}.Debug|Any CPU.Build.0 = Debug|Any CPU
		{1EA5B332-749F-4F3D-8FAE-01CF549E7B6C}.Release|Any CPU.ActiveCfg = Release|Any CPU
		{1EA5B332-749F-4F3D-8FAE-01CF549E7B6C}.Release|Any CPU.Build.0 = Release|Any CPU
		{4A127B54-A8B3-442F-BF33-19F926596634}.Debug|Any CPU.ActiveCfg = Debug|Any CPU
		{4A127B54-A8B3-442F-BF33-19F926596634}.Debug|Any CPU.Build.0 = Debug|Any CPU
		{4A127B54-A8B3-442F-BF33-19F926596634}.Release|Any CPU.ActiveCfg = Release|Any CPU
		{4A127B54-A8B3-442F-BF33-19F926596634}.Release|Any CPU.Build.0 = Release|Any CPU
	EndGlobalSection
	GlobalSection(SolutionProperties) = preSolution
		HideSolutionNode = FALSE
	EndGlobalSection
	GlobalSection(ExtensibilityGlobals) = postSolution
		SolutionGuid = {F0C6D54E-05DB-4955-9496-AFFC2B6477CB}
	EndGlobalSection
EndGlobal
